
Microsoft Visual Studio Solution File, Format Version 12.00
# Visual Studio 15
VisualStudioVersion = 15.0.27130.2027
MinimumVisualStudioVersion = 10.0.40219.1
Project("{FAE04EC0-301F-11D3-BF4B-00C04F79EFBC}") = "ASP.NET Core LesVB", "ASP.NET Core LesVB\ASP.NET Core LesVB.csproj", "{172C3BB8-3B62-486D-BEE6-F315A21CD909}"
EndProject
Global
	GlobalSection(SolutionConfigurationPlatforms) = preSolution
		Debug|Any CPU = Debug|Any CPU
		Release|Any CPU = Release|Any CPU
	EndGlobalSection
	GlobalSection(ProjectConfigurationPlatforms) = postSolution
		{172C3BB8-3B62-486D-BEE6-F315A21CD909}.Debug|Any CPU.ActiveCfg = Debug|Any CPU
		{172C3BB8-3B62-486D-BEE6-F315A21CD909}.Debug|Any CPU.Build.0 = Debug|Any CPU
		{172C3BB8-3B62-486D-BEE6-F315A21CD909}.Release|Any CPU.ActiveCfg = Release|Any CPU
		{172C3BB8-3B62-486D-BEE6-F315A21CD909}.Release|Any CPU.Build.0 = Release|Any CPU
	EndGlobalSection
	GlobalSection(SolutionProperties) = preSolution
		HideSolutionNode = FALSE
	EndGlobalSection
	GlobalSection(ExtensibilityGlobals) = postSolution
		SolutionGuid = {D96235C0-2743-4F48-ABAD-C83C2E008BBD}
	EndGlobalSection
EndGlobal
